
Microsoft Visual Studio Solution File, Format Version 12.00
# Visual Studio Version 17
VisualStudioVersion = 17.10.34607.79
MinimumVisualStudioVersion = 10.0.40219.1
Project("{2150E333-8FDC-42A3-9474-1A3956D46DE8}") = "Server", "Server", "{BEAA5DE7-6766-4568-B617-DAAC360CB609}"
EndProject
Project("{9A19103F-16F7-4668-BE54-9A1E7A4F7556}") = "ChaseTheFlag.Api", "Server\ChaseTheFlag.Api\ChaseTheFlag.Api.csproj", "{7969EBCC-6D23-4769-8FEA-19C090FB6E12}"
EndProject
Project("{2150E333-8FDC-42A3-9474-1A3956D46DE8}") = "Client", "Client", "{4E81728D-DBED-4504-8075-5896681528E7}"
EndProject
Project("{9A19103F-16F7-4668-BE54-9A1E7A4F7556}") = "ChaseTheFlag.Client", "Client\ChaseTheFlag.Client\ChaseTheFlag.Client.csproj", "{A96FA8D6-1592-45A5-9FB7-C431520862C8}"
EndProject
Project("{9A19103F-16F7-4668-BE54-9A1E7A4F7556}") = "ChaseTheFlag.Application", "Server\ChaseTheFlag.Application\ChaseTheFlag.Application.csproj", "{954D0C99-0639-4A5D-A786-3F01F8F57638}"
EndProject
Project("{9A19103F-16F7-4668-BE54-9A1E7A4F7556}") = "ChaseTheFlag.Domain", "Server\ChaseTheFlag.Domain\ChaseTheFlag.Domain.csproj", "{F42023E2-F0FF-4993-B722-16A8BB2F6424}"
EndProject
Project("{9A19103F-16F7-4668-BE54-9A1E7A4F7556}") = "ChaseTheFlag.Infrastructure", "Server\ChaseTheFlag.Infrastructure\ChaseTheFlag.Infrastructure.csproj", "{722C193A-B432-4C50-969C-FC199D218985}"
EndProject
Project("{9A19103F-16F7-4668-BE54-9A1E7A4F7556}") = "ChaseTheFlag.Domin", "Client\ChaseTheFlag.Domin\ChaseTheFlag.Domin.csproj", "{1D38E8D9-1C5B-48AC-9593-41DC92B4B74F}"
EndProject
Global
	GlobalSection(SolutionConfigurationPlatforms) = preSolution
		Debug|Any CPU = Debug|Any CPU
		Release|Any CPU = Release|Any CPU
	EndGlobalSection
	GlobalSection(ProjectConfigurationPlatforms) = postSolution
		{7969EBCC-6D23-4769-8FEA-19C090FB6E12}.Debug|Any CPU.ActiveCfg = Debug|Any CPU
		{7969EBCC-6D23-4769-8FEA-19C090FB6E12}.Debug|Any CPU.Build.0 = Debug|Any CPU
		{7969EBCC-6D23-4769-8FEA-19C090FB6E12}.Release|Any CPU.ActiveCfg = Release|Any CPU
		{7969EBCC-6D23-4769-8FEA-19C090FB6E12}.Release|Any CPU.Build.0 = Release|Any CPU
		{A96FA8D6-1592-45A5-9FB7-C431520862C8}.Debug|Any CPU.ActiveCfg = Debug|Any CPU
		{A96FA8D6-1592-45A5-9FB7-C431520862C8}.Debug|Any CPU.Build.0 = Debug|Any CPU
		{A96FA8D6-1592-45A5-9FB7-C431520862C8}.Release|Any CPU.ActiveCfg = Release|Any CPU
		{A96FA8D6-1592-45A5-9FB7-C431520862C8}.Release|Any CPU.Build.0 = Release|Any CPU
		{954D0C99-0639-4A5D-A786-3F01F8F57638}.Debug|Any CPU.ActiveCfg = Debug|Any CPU
		{954D0C99-0639-4A5D-A786-3F01F8F57638}.Debug|Any CPU.Build.0 = Debug|Any CPU
		{954D0C99-0639-4A5D-A786-3F01F8F57638}.Release|Any CPU.ActiveCfg = Release|Any CPU
		{954D0C99-0639-4A5D-A786-3F01F8F57638}.Release|Any CPU.Build.0 = Release|Any CPU
		{F42023E2-F0FF-4993-B722-16A8BB2F6424}.Debug|Any CPU.ActiveCfg = Debug|Any CPU
		{F42023E2-F0FF-4993-B722-16A8BB2F6424}.Debug|Any CPU.Build.0 = Debug|Any CPU
		{F42023E2-F0FF-4993-B722-16A8BB2F6424}.Release|Any CPU.ActiveCfg = Release|Any CPU
		{F42023E2-F0FF-4993-B722-16A8BB2F6424}.Release|Any CPU.Build.0 = Release|Any CPU
		{722C193A-B432-4C50-969C-FC199D218985}.Debug|Any CPU.ActiveCfg = Debug|Any CPU
		{722C193A-B432-4C50-969C-FC199D218985}.Debug|Any CPU.Build.0 = Debug|Any CPU
		{722C193A-B432-4C50-969C-FC199D218985}.Release|Any CPU.ActiveCfg = Release|Any CPU
		{722C193A-B432-4C50-969C-FC199D218985}.Release|Any CPU.Build.0 = Release|Any CPU
		{1D38E8D9-1C5B-48AC-9593-41DC92B4B74F}.Debug|Any CPU.ActiveCfg = Debug|Any CPU
		{1D38E8D9-1C5B-48AC-9593-41DC92B4B74F}.Debug|Any CPU.Build.0 = Debug|Any CPU
		{1D38E8D9-1C5B-48AC-9593-41DC92B4B74F}.Release|Any CPU.ActiveCfg = Release|Any CPU
		{1D38E8D9-1C5B-48AC-9593-41DC92B4B74F}.Release|Any CPU.Build.0 = Release|Any CPU
	EndGlobalSection
	GlobalSection(SolutionProperties) = preSolution
		HideSolutionNode = FALSE
	EndGlobalSection
	GlobalSection(NestedProjects) = preSolution
		{7969EBCC-6D23-4769-8FEA-19C090FB6E12} = {BEAA5DE7-6766-4568-B617-DAAC360CB609}
		{A96FA8D6-1592-45A5-9FB7-C431520862C8} = {4E81728D-DBED-4504-8075-5896681528E7}
		{954D0C99-0639-4A5D-A786-3F01F8F57638} = {BEAA5DE7-6766-4568-B617-DAAC360CB609}
		{F42023E2-F0FF-4993-B722-16A8BB2F6424} = {BEAA5DE7-6766-4568-B617-DAAC360CB609}
		{722C193A-B432-4C50-969C-FC199D218985} = {BEAA5DE7-6766-4568-B617-DAAC360CB609}
		{1D38E8D9-1C5B-48AC-9593-41DC92B4B74F} = {4E81728D-DBED-4504-8075-5896681528E7}
	EndGlobalSection
	GlobalSection(ExtensibilityGlobals) = postSolution
		SolutionGuid = {3AAF3EF5-045B-4829-B7CE-53A194699560}
	EndGlobalSection
EndGlobal
